
Microsoft Visual Studio Solution File, Format Version 12.00
# Visual Studio Version 17
VisualStudioVersion = 17.9.34622.214
MinimumVisualStudioVersion = 10.0.40219.1
Project("{9A19103F-16F7-4668-BE54-9A1E7A4F7556}") = "LezzAR", "LezzAR\LezzAR.csproj", "{8E74B00D-898E-4884-A4AB-BC86ED826562}"
EndProject
Global
	GlobalSection(SolutionConfigurationPlatforms) = preSolution
		Debug|Any CPU = Debug|Any CPU
		Release|Any CPU = Release|Any CPU
	EndGlobalSection
	GlobalSection(ProjectConfigurationPlatforms) = postSolution
		{8E74B00D-898E-4884-A4AB-BC86ED826562}.Debug|Any CPU.ActiveCfg = Debug|Any CPU
		{8E74B00D-898E-4884-A4AB-BC86ED826562}.Debug|Any CPU.Build.0 = Debug|Any CPU
		{8E74B00D-898E-4884-A4AB-BC86ED826562}.Release|Any CPU.ActiveCfg = Release|Any CPU
		{8E74B00D-898E-4884-A4AB-BC86ED826562}.Release|Any CPU.Build.0 = Release|Any CPU
	EndGlobalSection
	GlobalSection(SolutionProperties) = preSolution
		HideSolutionNode = FALSE
	EndGlobalSection
	GlobalSection(ExtensibilityGlobals) = postSolution
		SolutionGuid = {35A354C1-0403-4229-828D-D3ABE68CFFC0}
	EndGlobalSection
EndGlobal
